
Microsoft Visual Studio Solution File, Format Version 12.00
# Visual Studio Version 16
VisualStudioVersion = 16.0.30717.126
MinimumVisualStudioVersion = 10.0.40219.1
Project("{FAE04EC0-301F-11D3-BF4B-00C04F79EFBC}") = "ClassIntro", "ClassIntro\ClassIntro.csproj", "{DF597463-B598-476A-B934-853188985FEA}"
EndProject
Project("{FAE04EC0-301F-11D3-BF4B-00C04F79EFBC}") = "Donguler", "Donguler\Donguler.csproj", "{13594267-80B6-40A6-B35C-AAF9F17E6042}"
EndProject
Project("{FAE04EC0-301F-11D3-BF4B-00C04F79EFBC}") = "SartBloklari", "SartBloklari\SartBloklari.csproj", "{C363B2DD-779E-469D-A5D3-07745018402A}"
EndProject
Project("{FAE04EC0-301F-11D3-BF4B-00C04F79EFBC}") = "DegerVeReferansTipler", "DegerVeReferansTipler\DegerVeReferansTipler.csproj", "{7E41C367-0C4E-4C69-B954-DB151D84B34C}"
EndProject
Project("{FAE04EC0-301F-11D3-BF4B-00C04F79EFBC}") = "Mathematics", "Mathematics\Mathematics.csproj", "{1184C812-1E39-4600-9EC1-BA7F625BB8C0}"
EndProject
Project("{FAE04EC0-301F-11D3-BF4B-00C04F79EFBC}") = "Method", "Method\Method.csproj", "{B610FAFF-D6EE-4953-BF24-127528600308}"
EndProject
Project("{FAE04EC0-301F-11D3-BF4B-00C04F79EFBC}") = "GenericIntro", "GenericIntro\GenericIntro.csproj", "{2ECA61FB-3C63-42FA-B2FD-6FD8BF37C469}"
EndProject
Project("{FAE04EC0-301F-11D3-BF4B-00C04F79EFBC}") = "Koleksiyonlar", "Koleksiyonlar\Koleksiyonlar.csproj", "{ADF7CC68-49F5-4F6C-A278-D75931A61898}"
EndProject
Project("{FAE04EC0-301F-11D3-BF4B-00C04F79EFBC}") = "OOP1", "OOP1\OOP1.csproj", "{542E9974-2A61-440C-B284-F3809E81DF51}"
EndProject
Project("{FAE04EC0-301F-11D3-BF4B-00C04F79EFBC}") = "OOP2", "OOP2\OOP2.csproj", "{B2986401-1D52-40FF-B633-A44615384A7B}"
EndProject
Project("{FAE04EC0-301F-11D3-BF4B-00C04F79EFBC}") = "OOP3", "OOP3\OOP3.csproj", "{6E06E4FC-620D-439D-8AF1-13D7D7C9025E}"
EndProject
Global
	GlobalSection(SolutionConfigurationPlatforms) = preSolution
		Debug|Any CPU = Debug|Any CPU
		Release|Any CPU = Release|Any CPU
	EndGlobalSection
	GlobalSection(ProjectConfigurationPlatforms) = postSolution
		{DF597463-B598-476A-B934-853188985FEA}.Debug|Any CPU.ActiveCfg = Debug|Any CPU
		{DF597463-B598-476A-B934-853188985FEA}.Debug|Any CPU.Build.0 = Debug|Any CPU
		{DF597463-B598-476A-B934-853188985FEA}.Release|Any CPU.ActiveCfg = Release|Any CPU
		{DF597463-B598-476A-B934-853188985FEA}.Release|Any CPU.Build.0 = Release|Any CPU
		{13594267-80B6-40A6-B35C-AAF9F17E6042}.Debug|Any CPU.ActiveCfg = Debug|Any CPU
		{13594267-80B6-40A6-B35C-AAF9F17E6042}.Debug|Any CPU.Build.0 = Debug|Any CPU
		{13594267-80B6-40A6-B35C-AAF9F17E6042}.Release|Any CPU.ActiveCfg = Release|Any CPU
		{13594267-80B6-40A6-B35C-AAF9F17E6042}.Release|Any CPU.Build.0 = Release|Any CPU
		{C363B2DD-779E-469D-A5D3-07745018402A}.Debug|Any CPU.ActiveCfg = Debug|Any CPU
		{C363B2DD-779E-469D-A5D3-07745018402A}.Debug|Any CPU.Build.0 = Debug|Any CPU
		{C363B2DD-779E-469D-A5D3-07745018402A}.Release|Any CPU.ActiveCfg = Release|Any CPU
		{C363B2DD-779E-469D-A5D3-07745018402A}.Release|Any CPU.Build.0 = Release|Any CPU
		{7E41C367-0C4E-4C69-B954-DB151D84B34C}.Debug|Any CPU.ActiveCfg = Debug|Any CPU
		{7E41C367-0C4E-4C69-B954-DB151D84B34C}.Debug|Any CPU.Build.0 = Debug|Any CPU
		{7E41C367-0C4E-4C69-B954-DB151D84B34C}.Release|Any CPU.ActiveCfg = Release|Any CPU
		{7E41C367-0C4E-4C69-B954-DB151D84B34C}.Release|Any CPU.Build.0 = Release|Any CPU
		{1184C812-1E39-4600-9EC1-BA7F625BB8C0}.Debug|Any CPU.ActiveCfg = Debug|Any CPU
		{1184C812-1E39-4600-9EC1-BA7F625BB8C0}.Debug|Any CPU.Build.0 = Debug|Any CPU
		{1184C812-1E39-4600-9EC1-BA7F625BB8C0}.Release|Any CPU.ActiveCfg = Release|Any CPU
		{1184C812-1E39-4600-9EC1-BA7F625BB8C0}.Release|Any CPU.Build.0 = Release|Any CPU
		{B610FAFF-D6EE-4953-BF24-127528600308}.Debug|Any CPU.ActiveCfg = Debug|Any CPU
		{B610FAFF-D6EE-4953-BF24-127528600308}.Debug|Any CPU.Build.0 = Debug|Any CPU
		{B610FAFF-D6EE-4953-BF24-127528600308}.Release|Any CPU.ActiveCfg = Release|Any CPU
		{B610FAFF-D6EE-4953-BF24-127528600308}.Release|Any CPU.Build.0 = Release|Any CPU
		{2ECA61FB-3C63-42FA-B2FD-6FD8BF37C469}.Debug|Any CPU.ActiveCfg = Debug|Any CPU
		{2ECA61FB-3C63-42FA-B2FD-6FD8BF37C469}.Debug|Any CPU.Build.0 = Debug|Any CPU
		{2ECA61FB-3C63-42FA-B2FD-6FD8BF37C469}.Release|Any CPU.ActiveCfg = Release|Any CPU
		{2ECA61FB-3C63-42FA-B2FD-6FD8BF37C469}.Release|Any CPU.Build.0 = Release|Any CPU
		{ADF7CC68-49F5-4F6C-A278-D75931A61898}.Debug|Any CPU.ActiveCfg = Debug|Any CPU
		{ADF7CC68-49F5-4F6C-A278-D75931A61898}.Debug|Any CPU.Build.0 = Debug|Any CPU
		{ADF7CC68-49F5-4F6C-A278-D75931A61898}.Release|Any CPU.ActiveCfg = Release|Any CPU
		{ADF7CC68-49F5-4F6C-A278-D75931A61898}.Release|Any CPU.Build.0 = Release|Any CPU
		{542E9974-2A61-440C-B284-F3809E81DF51}.Debug|Any CPU.ActiveCfg = Debug|Any CPU
		{542E9974-2A61-440C-B284-F3809E81DF51}.Debug|Any CPU.Build.0 = Debug|Any CPU
		{542E9974-2A61-440C-B284-F3809E81DF51}.Release|Any CPU.ActiveCfg = Release|Any CPU
		{542E9974-2A61-440C-B284-F3809E81DF51}.Release|Any CPU.Build.0 = Release|Any CPU
		{B2986401-1D52-40FF-B633-A44615384A7B}.Debug|Any CPU.ActiveCfg = Debug|Any CPU
		{B2986401-1D52-40FF-B633-A44615384A7B}.Debug|Any CPU.Build.0 = Debug|Any CPU
		{B2986401-1D52-40FF-B633-A44615384A7B}.Release|Any CPU.ActiveCfg = Release|Any CPU
		{B2986401-1D52-40FF-B633-A44615384A7B}.Release|Any CPU.Build.0 = Release|Any CPU
		{6E06E4FC-620D-439D-8AF1-13D7D7C9025E}.Debug|Any CPU.ActiveCfg = Debug|Any CPU
		{6E06E4FC-620D-439D-8AF1-13D7D7C9025E}.Debug|Any CPU.Build.0 = Debug|Any CPU
		{6E06E4FC-620D-439D-8AF1-13D7D7C9025E}.Release|Any CPU.ActiveCfg = Release|Any CPU
		{6E06E4FC-620D-439D-8AF1-13D7D7C9025E}.Release|Any CPU.Build.0 = Release|Any CPU
	EndGlobalSection
	GlobalSection(SolutionProperties) = preSolution
		HideSolutionNode = FALSE
	EndGlobalSection
	GlobalSection(ExtensibilityGlobals) = postSolution
		SolutionGuid = {CB7E3386-CFC9-4F8D-8937-EAA4187F5EC8}
	EndGlobalSection
EndGlobal
