
Microsoft Visual Studio Solution File, Format Version 12.00
# Visual Studio Version 16
VisualStudioVersion = 16.0.30717.126
MinimumVisualStudioVersion = 10.0.40219.1
Project("{FAE04EC0-301F-11D3-BF4B-00C04F79EFBC}") = "ClassIntro", "ClassIntro\ClassIntro.csproj", "{DF597463-B598-476A-B934-853188985FEA}"
EndProject
Project("{FAE04EC0-301F-11D3-BF4B-00C04F79EFBC}") = "Donguler", "Donguler\Donguler.csproj", "{13594267-80B6-40A6-B35C-AAF9F17E6042}"
EndProject
Project("{FAE04EC0-301F-11D3-BF4B-00C04F79EFBC}") = "SartBloklari", "SartBloklari\SartBloklari.csproj", "{C363B2DD-779E-469D-A5D3-07745018402A}"
EndProject
Global
	GlobalSection(SolutionConfigurationPlatforms) = preSolution
		Debug|Any CPU = Debug|Any CPU
		Release|Any CPU = Release|Any CPU
	EndGlobalSection
	GlobalSection(ProjectConfigurationPlatforms) = postSolution
		{DF597463-B598-476A-B934-853188985FEA}.Debug|Any CPU.ActiveCfg = Debug|Any CPU
		{DF597463-B598-476A-B934-853188985FEA}.Debug|Any CPU.Build.0 = Debug|Any CPU
		{DF597463-B598-476A-B934-853188985FEA}.Release|Any CPU.ActiveCfg = Release|Any CPU
		{DF597463-B598-476A-B934-853188985FEA}.Release|Any CPU.Build.0 = Release|Any CPU
		{13594267-80B6-40A6-B35C-AAF9F17E6042}.Debug|Any CPU.ActiveCfg = Debug|Any CPU
		{13594267-80B6-40A6-B35C-AAF9F17E6042}.Debug|Any CPU.Build.0 = Debug|Any CPU
		{13594267-80B6-40A6-B35C-AAF9F17E6042}.Release|Any CPU.ActiveCfg = Release|Any CPU
		{13594267-80B6-40A6-B35C-AAF9F17E6042}.Release|Any CPU.Build.0 = Release|Any CPU
		{C363B2DD-779E-469D-A5D3-07745018402A}.Debug|Any CPU.ActiveCfg = Debug|Any CPU
		{C363B2DD-779E-469D-A5D3-07745018402A}.Debug|Any CPU.Build.0 = Debug|Any CPU
		{C363B2DD-779E-469D-A5D3-07745018402A}.Release|Any CPU.ActiveCfg = Release|Any CPU
		{C363B2DD-779E-469D-A5D3-07745018402A}.Release|Any CPU.Build.0 = Release|Any CPU
	EndGlobalSection
	GlobalSection(SolutionProperties) = preSolution
		HideSolutionNode = FALSE
	EndGlobalSection
	GlobalSection(ExtensibilityGlobals) = postSolution
		SolutionGuid = {CB7E3386-CFC9-4F8D-8937-EAA4187F5EC8}
	EndGlobalSection
EndGlobal
