
Microsoft Visual Studio Solution File, Format Version 12.00
# Visual Studio Version 16
VisualStudioVersion = 16.0.30717.126
MinimumVisualStudioVersion = 10.0.40219.1
Project("{FAE04EC0-301F-11D3-BF4B-00C04F79EFBC}") = "2_Odev", "2_Odev\2_Odev.csproj", "{B8668339-B91E-4813-AB3D-3B8C3CCE987D}"
EndProject
Global
	GlobalSection(SolutionConfigurationPlatforms) = preSolution
		Debug|Any CPU = Debug|Any CPU
		Release|Any CPU = Release|Any CPU
	EndGlobalSection
	GlobalSection(ProjectConfigurationPlatforms) = postSolution
		{B8668339-B91E-4813-AB3D-3B8C3CCE987D}.Debug|Any CPU.ActiveCfg = Debug|Any CPU
		{B8668339-B91E-4813-AB3D-3B8C3CCE987D}.Debug|Any CPU.Build.0 = Debug|Any CPU
		{B8668339-B91E-4813-AB3D-3B8C3CCE987D}.Release|Any CPU.ActiveCfg = Release|Any CPU
		{B8668339-B91E-4813-AB3D-3B8C3CCE987D}.Release|Any CPU.Build.0 = Release|Any CPU
	EndGlobalSection
	GlobalSection(SolutionProperties) = preSolution
		HideSolutionNode = FALSE
	EndGlobalSection
	GlobalSection(ExtensibilityGlobals) = postSolution
		SolutionGuid = {04B5DB7F-181E-461B-86DE-9AA0DC62A329}
	EndGlobalSection
EndGlobal
