
Microsoft Visual Studio Solution File, Format Version 12.00
# Visual Studio Version 16
VisualStudioVersion = 16.0.30717.126
MinimumVisualStudioVersion = 10.0.40219.1
Project("{9A19103F-16F7-4668-BE54-9A1E7A4F7556}") = "DictionaryProject", "4_Odev\DictionaryProject.csproj", "{8E96E8DA-CF11-4535-966E-7890A8167718}"
EndProject
Global
	GlobalSection(SolutionConfigurationPlatforms) = preSolution
		Debug|Any CPU = Debug|Any CPU
		Release|Any CPU = Release|Any CPU
	EndGlobalSection
	GlobalSection(ProjectConfigurationPlatforms) = postSolution
		{8E96E8DA-CF11-4535-966E-7890A8167718}.Debug|Any CPU.ActiveCfg = Debug|Any CPU
		{8E96E8DA-CF11-4535-966E-7890A8167718}.Debug|Any CPU.Build.0 = Debug|Any CPU
		{8E96E8DA-CF11-4535-966E-7890A8167718}.Release|Any CPU.ActiveCfg = Release|Any CPU
		{8E96E8DA-CF11-4535-966E-7890A8167718}.Release|Any CPU.Build.0 = Release|Any CPU
	EndGlobalSection
	GlobalSection(SolutionProperties) = preSolution
		HideSolutionNode = FALSE
	EndGlobalSection
	GlobalSection(ExtensibilityGlobals) = postSolution
		SolutionGuid = {8018FAC6-F3BF-4EE9-A22E-3F386B86372A}
	EndGlobalSection
EndGlobal
