
Microsoft Visual Studio Solution File, Format Version 12.00
# Visual Studio Version 16
VisualStudioVersion = 16.0.30717.126
MinimumVisualStudioVersion = 10.0.40219.1
Project("{FAE04EC0-301F-11D3-BF4B-00C04F79EFBC}") = "Method", "UcGunDers\Method.csproj", "{DC833CF9-ABAD-4408-A312-C4E6C9E53DE1}"
EndProject
Project("{FAE04EC0-301F-11D3-BF4B-00C04F79EFBC}") = "Mathematics", "Mathematics\Mathematics.csproj", "{05143103-D1C6-46BF-ACD7-0788FBE9B948}"
EndProject
Project("{FAE04EC0-301F-11D3-BF4B-00C04F79EFBC}") = "DegerVeReferansTipler", "DegerVeReferansTipler\DegerVeReferansTipler.csproj", "{4897C4E3-2791-4AAB-BCA5-00B8306370E2}"
EndProject
Global
	GlobalSection(SolutionConfigurationPlatforms) = preSolution
		Debug|Any CPU = Debug|Any CPU
		Release|Any CPU = Release|Any CPU
	EndGlobalSection
	GlobalSection(ProjectConfigurationPlatforms) = postSolution
		{DC833CF9-ABAD-4408-A312-C4E6C9E53DE1}.Debug|Any CPU.ActiveCfg = Debug|Any CPU
		{DC833CF9-ABAD-4408-A312-C4E6C9E53DE1}.Debug|Any CPU.Build.0 = Debug|Any CPU
		{DC833CF9-ABAD-4408-A312-C4E6C9E53DE1}.Release|Any CPU.ActiveCfg = Release|Any CPU
		{DC833CF9-ABAD-4408-A312-C4E6C9E53DE1}.Release|Any CPU.Build.0 = Release|Any CPU
		{05143103-D1C6-46BF-ACD7-0788FBE9B948}.Debug|Any CPU.ActiveCfg = Debug|Any CPU
		{05143103-D1C6-46BF-ACD7-0788FBE9B948}.Debug|Any CPU.Build.0 = Debug|Any CPU
		{05143103-D1C6-46BF-ACD7-0788FBE9B948}.Release|Any CPU.ActiveCfg = Release|Any CPU
		{05143103-D1C6-46BF-ACD7-0788FBE9B948}.Release|Any CPU.Build.0 = Release|Any CPU
		{4897C4E3-2791-4AAB-BCA5-00B8306370E2}.Debug|Any CPU.ActiveCfg = Debug|Any CPU
		{4897C4E3-2791-4AAB-BCA5-00B8306370E2}.Debug|Any CPU.Build.0 = Debug|Any CPU
		{4897C4E3-2791-4AAB-BCA5-00B8306370E2}.Release|Any CPU.ActiveCfg = Release|Any CPU
		{4897C4E3-2791-4AAB-BCA5-00B8306370E2}.Release|Any CPU.Build.0 = Release|Any CPU
	EndGlobalSection
	GlobalSection(SolutionProperties) = preSolution
		HideSolutionNode = FALSE
	EndGlobalSection
	GlobalSection(ExtensibilityGlobals) = postSolution
		SolutionGuid = {B5D94BE5-E47C-4B32-900A-04117720DEA9}
	EndGlobalSection
EndGlobal
